
Microsoft Visual Studio Solution File, Format Version 12.00
# Visual Studio Version 17
VisualStudioVersion = 17.8.34330.188
MinimumVisualStudioVersion = 10.0.40219.1
Project("{FAE04EC0-301F-11D3-BF4B-00C04F79EFBC}") = "task3", "task3\task3.csproj", "{4BF1AFBF-656D-47CB-AB6F-9C5078167AFA}"
EndProject
Global
	GlobalSection(SolutionConfigurationPlatforms) = preSolution
		Debug|Any CPU = Debug|Any CPU
		Release|Any CPU = Release|Any CPU
	EndGlobalSection
	GlobalSection(ProjectConfigurationPlatforms) = postSolution
		{4BF1AFBF-656D-47CB-AB6F-9C5078167AFA}.Debug|Any CPU.ActiveCfg = Debug|Any CPU
		{4BF1AFBF-656D-47CB-AB6F-9C5078167AFA}.Debug|Any CPU.Build.0 = Debug|Any CPU
		{4BF1AFBF-656D-47CB-AB6F-9C5078167AFA}.Release|Any CPU.ActiveCfg = Release|Any CPU
		{4BF1AFBF-656D-47CB-AB6F-9C5078167AFA}.Release|Any CPU.Build.0 = Release|Any CPU
	EndGlobalSection
	GlobalSection(SolutionProperties) = preSolution
		HideSolutionNode = FALSE
	EndGlobalSection
	GlobalSection(ExtensibilityGlobals) = postSolution
		SolutionGuid = {B5732A1C-6613-42C5-835A-015C33BC70A5}
	EndGlobalSection
EndGlobal
