
Microsoft Visual Studio Solution File, Format Version 12.00
# Visual Studio Version 17
VisualStudioVersion = 17.8.34330.188
MinimumVisualStudioVersion = 10.0.40219.1
Project("{FAE04EC0-301F-11D3-BF4B-00C04F79EFBC}") = "task1", "task1\task1.csproj", "{709B6CEE-131B-4523-8A00-A9537AD91A26}"
EndProject
Global
	GlobalSection(SolutionConfigurationPlatforms) = preSolution
		Debug|Any CPU = Debug|Any CPU
		Release|Any CPU = Release|Any CPU
	EndGlobalSection
	GlobalSection(ProjectConfigurationPlatforms) = postSolution
		{709B6CEE-131B-4523-8A00-A9537AD91A26}.Debug|Any CPU.ActiveCfg = Debug|Any CPU
		{709B6CEE-131B-4523-8A00-A9537AD91A26}.Debug|Any CPU.Build.0 = Debug|Any CPU
		{709B6CEE-131B-4523-8A00-A9537AD91A26}.Release|Any CPU.ActiveCfg = Release|Any CPU
		{709B6CEE-131B-4523-8A00-A9537AD91A26}.Release|Any CPU.Build.0 = Release|Any CPU
	EndGlobalSection
	GlobalSection(SolutionProperties) = preSolution
		HideSolutionNode = FALSE
	EndGlobalSection
	GlobalSection(ExtensibilityGlobals) = postSolution
		SolutionGuid = {A232737D-916B-4603-B16F-CD07B5F2BDB4}
	EndGlobalSection
EndGlobal
