
Microsoft Visual Studio Solution File, Format Version 12.00
# Visual Studio Version 17
VisualStudioVersion = 17.8.34330.188
MinimumVisualStudioVersion = 10.0.40219.1
Project("{FAE04EC0-301F-11D3-BF4B-00C04F79EFBC}") = "task2", "task2\task2.csproj", "{0F5BBCD9-A7C2-4BB7-A00B-AD4D9B472E09}"
EndProject
Global
	GlobalSection(SolutionConfigurationPlatforms) = preSolution
		Debug|Any CPU = Debug|Any CPU
		Release|Any CPU = Release|Any CPU
	EndGlobalSection
	GlobalSection(ProjectConfigurationPlatforms) = postSolution
		{0F5BBCD9-A7C2-4BB7-A00B-AD4D9B472E09}.Debug|Any CPU.ActiveCfg = Debug|Any CPU
		{0F5BBCD9-A7C2-4BB7-A00B-AD4D9B472E09}.Debug|Any CPU.Build.0 = Debug|Any CPU
		{0F5BBCD9-A7C2-4BB7-A00B-AD4D9B472E09}.Release|Any CPU.ActiveCfg = Release|Any CPU
		{0F5BBCD9-A7C2-4BB7-A00B-AD4D9B472E09}.Release|Any CPU.Build.0 = Release|Any CPU
	EndGlobalSection
	GlobalSection(SolutionProperties) = preSolution
		HideSolutionNode = FALSE
	EndGlobalSection
	GlobalSection(ExtensibilityGlobals) = postSolution
		SolutionGuid = {EB89E4CE-3A85-4B10-9B7E-0836A7721B74}
	EndGlobalSection
EndGlobal
